
Microsoft Visual Studio Solution File, Format Version 12.00
# Visual Studio Version 16
VisualStudioVersion = 16.0.30503.244
MinimumVisualStudioVersion = 10.0.40219.1
Project("{FAE04EC0-301F-11D3-BF4B-00C04F79EFBC}") = "Assembly-CSharp", "Assembly-CSharp.csproj", "{4BD8052B-2571-7303-5187-E755FAD6A454}"
EndProject
Global
	GlobalSection(SolutionConfigurationPlatforms) = preSolution
		Debug|Any CPU = Debug|Any CPU
		Release|Any CPU = Release|Any CPU
	EndGlobalSection
	GlobalSection(ProjectConfigurationPlatforms) = postSolution
		{4BD8052B-2571-7303-5187-E755FAD6A454}.Debug|Any CPU.ActiveCfg = Debug|Any CPU
		{4BD8052B-2571-7303-5187-E755FAD6A454}.Debug|Any CPU.Build.0 = Debug|Any CPU
		{4BD8052B-2571-7303-5187-E755FAD6A454}.Release|Any CPU.ActiveCfg = Release|Any CPU
		{4BD8052B-2571-7303-5187-E755FAD6A454}.Release|Any CPU.Build.0 = Release|Any CPU
	EndGlobalSection
	GlobalSection(SolutionProperties) = preSolution
		HideSolutionNode = FALSE
	EndGlobalSection
	GlobalSection(ExtensibilityGlobals) = postSolution
		SolutionGuid = {703F5714-7EC3-4D90-B84C-D72030E914E9}
	EndGlobalSection
EndGlobal
